
Microsoft Visual Studio Solution File, Format Version 12.00
# Visual Studio Version 17
VisualStudioVersion = 17.9.34723.18
MinimumVisualStudioVersion = 10.0.40219.1
Project("{2150E333-8FDC-42A3-9474-1A3956D46DE8}") = "src", "src", "{ED30A0EA-7860-44FA-B2A5-C851A3CD6195}"
EndProject
Project("{2150E333-8FDC-42A3-9474-1A3956D46DE8}") = "test", "test", "{F9996B57-217C-414A-9330-4A760C1F6786}"
EndProject
Project("{2150E333-8FDC-42A3-9474-1A3956D46DE8}") = "Api", "Api", "{E8BE0046-6CC6-4F49-B3CA-7E5ABD275E4C}"
EndProject
Project("{2150E333-8FDC-42A3-9474-1A3956D46DE8}") = "Core", "Core", "{D9A326B3-EE5D-46FC-9340-52CFC7F93883}"
EndProject
Project("{2150E333-8FDC-42A3-9474-1A3956D46DE8}") = "Infrastructure", "Infrastructure", "{9A7BB844-C3B5-412C-BC1F-B59D96867DF8}"
EndProject
Project("{2150E333-8FDC-42A3-9474-1A3956D46DE8}") = "UI", "UI", "{96901ADC-FC58-443E-A207-A7F82316F95C}"
EndProject
Project("{9A19103F-16F7-4668-BE54-9A1E7A4F7556}") = "Ns.Domain", "Ns.Domain\Ns.Domain.csproj", "{DD6C7E9A-7B68-495D-B7F2-62C1DEB7C84F}"
EndProject
Project("{9A19103F-16F7-4668-BE54-9A1E7A4F7556}") = "Ns.Application", "Ns.Application\Ns.Application.csproj", "{AC31E620-7038-4A2F-B3F5-2F36CB9D80EB}"
EndProject
Project("{9A19103F-16F7-4668-BE54-9A1E7A4F7556}") = "Ns.Infrastructure", "Ns.Infrastructure\Ns.Infrastructure.csproj", "{CE77A9BD-17C8-4436-9D98-C31597C32612}"
EndProject
Project("{9A19103F-16F7-4668-BE54-9A1E7A4F7556}") = "Ns.Persistence", "Ns.Persistence\Ns.Persistence.csproj", "{7DA6D9A8-140D-4004-B307-6BC663654A49}"
EndProject
Global
	GlobalSection(SolutionConfigurationPlatforms) = preSolution
		Debug|Any CPU = Debug|Any CPU
		Release|Any CPU = Release|Any CPU
	EndGlobalSection
	GlobalSection(ProjectConfigurationPlatforms) = postSolution
		{DD6C7E9A-7B68-495D-B7F2-62C1DEB7C84F}.Debug|Any CPU.ActiveCfg = Debug|Any CPU
		{DD6C7E9A-7B68-495D-B7F2-62C1DEB7C84F}.Debug|Any CPU.Build.0 = Debug|Any CPU
		{DD6C7E9A-7B68-495D-B7F2-62C1DEB7C84F}.Release|Any CPU.ActiveCfg = Release|Any CPU
		{DD6C7E9A-7B68-495D-B7F2-62C1DEB7C84F}.Release|Any CPU.Build.0 = Release|Any CPU
		{AC31E620-7038-4A2F-B3F5-2F36CB9D80EB}.Debug|Any CPU.ActiveCfg = Debug|Any CPU
		{AC31E620-7038-4A2F-B3F5-2F36CB9D80EB}.Debug|Any CPU.Build.0 = Debug|Any CPU
		{AC31E620-7038-4A2F-B3F5-2F36CB9D80EB}.Release|Any CPU.ActiveCfg = Release|Any CPU
		{AC31E620-7038-4A2F-B3F5-2F36CB9D80EB}.Release|Any CPU.Build.0 = Release|Any CPU
		{CE77A9BD-17C8-4436-9D98-C31597C32612}.Debug|Any CPU.ActiveCfg = Debug|Any CPU
		{CE77A9BD-17C8-4436-9D98-C31597C32612}.Debug|Any CPU.Build.0 = Debug|Any CPU
		{CE77A9BD-17C8-4436-9D98-C31597C32612}.Release|Any CPU.ActiveCfg = Release|Any CPU
		{CE77A9BD-17C8-4436-9D98-C31597C32612}.Release|Any CPU.Build.0 = Release|Any CPU
		{7DA6D9A8-140D-4004-B307-6BC663654A49}.Debug|Any CPU.ActiveCfg = Debug|Any CPU
		{7DA6D9A8-140D-4004-B307-6BC663654A49}.Debug|Any CPU.Build.0 = Debug|Any CPU
		{7DA6D9A8-140D-4004-B307-6BC663654A49}.Release|Any CPU.ActiveCfg = Release|Any CPU
		{7DA6D9A8-140D-4004-B307-6BC663654A49}.Release|Any CPU.Build.0 = Release|Any CPU
	EndGlobalSection
	GlobalSection(SolutionProperties) = preSolution
		HideSolutionNode = FALSE
	EndGlobalSection
	GlobalSection(NestedProjects) = preSolution
		{E8BE0046-6CC6-4F49-B3CA-7E5ABD275E4C} = {ED30A0EA-7860-44FA-B2A5-C851A3CD6195}
		{D9A326B3-EE5D-46FC-9340-52CFC7F93883} = {ED30A0EA-7860-44FA-B2A5-C851A3CD6195}
		{9A7BB844-C3B5-412C-BC1F-B59D96867DF8} = {ED30A0EA-7860-44FA-B2A5-C851A3CD6195}
		{96901ADC-FC58-443E-A207-A7F82316F95C} = {ED30A0EA-7860-44FA-B2A5-C851A3CD6195}
		{DD6C7E9A-7B68-495D-B7F2-62C1DEB7C84F} = {D9A326B3-EE5D-46FC-9340-52CFC7F93883}
		{AC31E620-7038-4A2F-B3F5-2F36CB9D80EB} = {D9A326B3-EE5D-46FC-9340-52CFC7F93883}
		{CE77A9BD-17C8-4436-9D98-C31597C32612} = {9A7BB844-C3B5-412C-BC1F-B59D96867DF8}
		{7DA6D9A8-140D-4004-B307-6BC663654A49} = {9A7BB844-C3B5-412C-BC1F-B59D96867DF8}
	EndGlobalSection
	GlobalSection(ExtensibilityGlobals) = postSolution
		SolutionGuid = {DA72AE04-F959-4BC3-946A-94F6147EEEAA}
	EndGlobalSection
EndGlobal
